{
  "name": "cli-router",
  "version": "0.1.2",
  "dependencies": {
    "babel-runtime": {
      "version": "5.2.17",
      "from": "https://registry.npmjs.org/babel-runtime/-/babel-runtime-5.2.17.tgz",
      "resolved": "https://registry.npmjs.org/babel-runtime/-/babel-runtime-5.2.17.tgz",
      "dependencies": {
        "core-js": {
          "version": "0.9.7",
          "from": "https://registry.npmjs.org/core-js/-/core-js-0.9.7.tgz",
          "resolved": "https://registry.npmjs.org/core-js/-/core-js-0.9.7.tgz"
        }
      }
    },
    "docopt": {
      "version": "0.6.2",
      "from": "https://registry.npmjs.org/docopt/-/docopt-0.6.2.tgz",
      "resolved": "https://registry.npmjs.org/docopt/-/docopt-0.6.2.tgz"
    },
    "ramda": {
      "version": "0.14.0",
      "from": "https://registry.npmjs.org/ramda/-/ramda-0.14.0.tgz",
      "resolved": "https://registry.npmjs.org/ramda/-/ramda-0.14.0.tgz"
    },
    "source-map-support": {
      "version": "0.2.10",
      "from": "https://registry.npmjs.org/source-map-support/-/source-map-support-0.2.10.tgz",
      "resolved": "https://registry.npmjs.org/source-map-support/-/source-map-support-0.2.10.tgz",
      "dependencies": {
        "source-map": {
          "version": "0.1.32",
          "from": "https://registry.npmjs.org/source-map/-/source-map-0.1.32.tgz",
          "resolved": "https://registry.npmjs.org/source-map/-/source-map-0.1.32.tgz",
          "dependencies": {
            "amdefine": {
              "version": "0.1.0",
              "from": "https://registry.npmjs.org/amdefine/-/amdefine-0.1.0.tgz",
              "resolved": "https://registry.npmjs.org/amdefine/-/amdefine-0.1.0.tgz"
            }
          }
        }
      }
    }
  }
}
